// !$*UTF8*$!
{
	archiveVersion = 1;
	classes = {
	};
	objectVersion = 46;
	objects = {

/* Begin PBXBuildFile section */
		96A83302307A404580529696 /* libPods.a in Frameworks */ = {isa = PBXBuildFile; fileRef = 5B2DA568F4764A4186338AA2 /* libPods.a */; };
		F1094CA81839500C003617DC /* Foundation.framework in Frameworks */ = {isa = PBXBuildFile; fileRef = F1094CA71839500C003617DC /* Foundation.framework */; };
		F1094CAA1839500C003617DC /* CoreGraphics.framework in Frameworks */ = {isa = PBXBuildFile; fileRef = F1094CA91839500C003617DC /* CoreGraphics.framework */; };
		F1094CAC1839500C003617DC /* UIKit.framework in Frameworks */ = {isa = PBXBuildFile; fileRef = F1094CAB1839500C003617DC /* UIKit.framework */; };
		F1094CB21839500D003617DC /* InfoPlist.strings in Resources */ = {isa = PBXBuildFile; fileRef = F1094CB01839500D003617DC /* InfoPlist.strings */; };
		F1094CB41839500D003617DC /* main.m in Sources */ = {isa = PBXBuildFile; fileRef = F1094CB31839500D003617DC /* main.m */; };
		F1094CB81839500D003617DC /* AppDelegate.m in Sources */ = {isa = PBXBuildFile; fileRef = F1094CB71839500D003617DC /* AppDelegate.m */; };
		F1094CBB1839500D003617DC /* Main.storyboard in Resources */ = {isa = PBXBuildFile; fileRef = F1094CB91839500D003617DC /* Main.storyboard */; };
		F1094CBE1839500D003617DC /* ViewController.m in Sources */ = {isa = PBXBuildFile; fileRef = F1094CBD1839500D003617DC /* ViewController.m */; };
		F1094CC01839500D003617DC /* Images.xcassets in Resources */ = {isa = PBXBuildFile; fileRef = F1094CBF1839500D003617DC /* Images.xcassets */; };
		F1094CC71839500D003617DC /* XCTest.framework in Frameworks */ = {isa = PBXBuildFile; fileRef = F1094CC61839500D003617DC /* XCTest.framework */; };
		F1094CC81839500D003617DC /* Foundation.framework in Frameworks */ = {isa = PBXBuildFile; fileRef = F1094CA71839500C003617DC /* Foundation.framework */; };
		F1094CC91839500D003617DC /* UIKit.framework in Frameworks */ = {isa = PBXBuildFile; fileRef = F1094CAB1839500C003617DC /* UIKit.framework */; };
		F1094CD11839500D003617DC /* InfoPlist.strings in Resources */ = {isa = PBXBuildFile; fileRef = F1094CCF1839500D003617DC /* InfoPlist.strings */; };
		F1094CD31839500D003617DC /* FISiOSClassTests.m in Sources */ = {isa = PBXBuildFile; fileRef = F1094CD21839500D003617DC /* FISiOSClassTests.m */; };
		F14A0FC91839542A0050E8F6 /* Student.m in Sources */ = {isa = PBXBuildFile; fileRef = F14A0FC81839542A0050E8F6 /* Student.m */; };
		F14A0FCC183954C20050E8F6 /* MappingProvider.m in Sources */ = {isa = PBXBuildFile; fileRef = F14A0FCB183954C20050E8F6 /* MappingProvider.m */; };
		F14A0FF518395CF40050E8F6 /* al.png in Resources */ = {isa = PBXBuildFile; fileRef = F14A0FEF18395CF40050E8F6 /* al.png */; };
		F14A0FF618395CF40050E8F6 /* basar.png in Resources */ = {isa = PBXBuildFile; fileRef = F14A0FF018395CF40050E8F6 /* basar.png */; };
		F14A0FF718395CF40050E8F6 /* das.png in Resources */ = {isa = PBXBuildFile; fileRef = F14A0FF118395CF40050E8F6 /* das.png */; };
		F14A0FF818395CF40050E8F6 /* dulio.png in Resources */ = {isa = PBXBuildFile; fileRef = F14A0FF218395CF40050E8F6 /* dulio.png */; };
		F14A0FF918395CF40050E8F6 /* james.png in Resources */ = {isa = PBXBuildFile; fileRef = F14A0FF318395CF40050E8F6 /* james.png */; };
		F14A0FFA18395CF40050E8F6 /* sunayna.png in Resources */ = {isa = PBXBuildFile; fileRef = F14A0FF418395CF40050E8F6 /* sunayna.png */; };
/* End PBXBuildFile section */

/* Begin PBXContainerItemProxy section */
		F1094CCA1839500D003617DC /* PBXContainerItemProxy */ = {
			isa = PBXContainerItemProxy;
			containerPortal = F1094C9C1839500C003617DC /* Project object */;
			proxyType = 1;
			remoteGlobalIDString = F1094CA31839500C003617DC;
			remoteInfo = FISiOSClass;
		};
/* End PBXContainerItemProxy section */

/* Begin PBXFileReference section */
		5B2DA568F4764A4186338AA2 /* libPods.a */ = {isa = PBXFileReference; explicitFileType = archive.ar; includeInIndex = 0; path = libPods.a; sourceTree = BUILT_PRODUCTS_DIR; };
		A69DD658673041EFB9CEA38C /* Pods.xcconfig */ = {isa = PBXFileReference; includeInIndex = 1; lastKnownFileType = text.xcconfig; name = Pods.xcconfig; path = Pods/Pods.xcconfig; sourceTree = "<group>"; };
		F1094CA41839500C003617DC /* FISiOSClass.app */ = {isa = PBXFileReference; explicitFileType = wrapper.application; includeInIndex = 0; path = FISiOSClass.app; sourceTree = BUILT_PRODUCTS_DIR; };
		F1094CA71839500C003617DC /* Foundation.framework */ = {isa = PBXFileReference; lastKnownFileType = wrapper.framework; name = Foundation.framework; path = System/Library/Frameworks/Foundation.framework; sourceTree = SDKROOT; };
		F1094CA91839500C003617DC /* CoreGraphics.framework */ = {isa = PBXFileReference; lastKnownFileType = wrapper.framework; name = CoreGraphics.framework; path = System/Library/Frameworks/CoreGraphics.framework; sourceTree = SDKROOT; };
		F1094CAB1839500C003617DC /* UIKit.framework */ = {isa = PBXFileReference; lastKnownFileType = wrapper.framework; name = UIKit.framework; path = System/Library/Frameworks/UIKit.framework; sourceTree = SDKROOT; };
		F1094CAF1839500D003617DC /* FISiOSClass-Info.plist */ = {isa = PBXFileReference; lastKnownFileType = text.plist.xml; path = "FISiOSClass-Info.plist"; sourceTree = "<group>"; };
		F1094CB11839500D003617DC /* en */ = {isa = PBXFileReference; lastKnownFileType = text.plist.strings; name = en; path = en.lproj/InfoPlist.strings; sourceTree = "<group>"; };
		F1094CB31839500D003617DC /* main.m */ = {isa = PBXFileReference; lastKnownFileType = sourcecode.c.objc; path = main.m; sourceTree = "<group>"; };
		F1094CB51839500D003617DC /* FISiOSClass-Prefix.pch */ = {isa = PBXFileReference; lastKnownFileType = sourcecode.c.h; path = "FISiOSClass-Prefix.pch"; sourceTree = "<group>"; };
		F1094CB61839500D003617DC /* AppDelegate.h */ = {isa = PBXFileReference; lastKnownFileType = sourcecode.c.h; path = AppDelegate.h; sourceTree = "<group>"; };
		F1094CB71839500D003617DC /* AppDelegate.m */ = {isa = PBXFileReference; lastKnownFileType = sourcecode.c.objc; path = AppDelegate.m; sourceTree = "<group>"; };
		F1094CBA1839500D003617DC /* Base */ = {isa = PBXFileReference; lastKnownFileType = file.storyboard; name = Base; path = Base.lproj/Main.storyboard; sourceTree = "<group>"; };
		F1094CBC1839500D003617DC /* ViewController.h */ = {isa = PBXFileReference; lastKnownFileType = sourcecode.c.h; path = ViewController.h; sourceTree = "<group>"; };
		F1094CBD1839500D003617DC /* ViewController.m */ = {isa = PBXFileReference; lastKnownFileType = sourcecode.c.objc; path = ViewController.m; sourceTree = "<group>"; };
		F1094CBF1839500D003617DC /* Images.xcassets */ = {isa = PBXFileReference; lastKnownFileType = folder.assetcatalog; path = Images.xcassets; sourceTree = "<group>"; };
		F1094CC51839500D003617DC /* FISiOSClassTests.xctest */ = {isa = PBXFileReference; explicitFileType = wrapper.cfbundle; includeInIndex = 0; path = FISiOSClassTests.xctest; sourceTree = BUILT_PRODUCTS_DIR; };
		F1094CC61839500D003617DC /* XCTest.framework */ = {isa = PBXFileReference; lastKnownFileType = wrapper.framework; name = XCTest.framework; path = Library/Frameworks/XCTest.framework; sourceTree = DEVELOPER_DIR; };
		F1094CCE1839500D003617DC /* FISiOSClassTests-Info.plist */ = {isa = PBXFileReference; lastKnownFileType = text.plist.xml; path = "FISiOSClassTests-Info.plist"; sourceTree = "<group>"; };
		F1094CD01839500D003617DC /* en */ = {isa = PBXFileReference; lastKnownFileType = text.plist.strings; name = en; path = en.lproj/InfoPlist.strings; sourceTree = "<group>"; };
		F1094CD21839500D003617DC /* FISiOSClassTests.m */ = {isa = PBXFileReference; lastKnownFileType = sourcecode.c.objc; path = FISiOSClassTests.m; sourceTree = "<group>"; };
		F14A0FC7183954290050E8F6 /* Student.h */ = {isa = PBXFileReference; fileEncoding = 4; lastKnownFileType = sourcecode.c.h; path = Student.h; sourceTree = "<group>"; };
		F14A0FC81839542A0050E8F6 /* Student.m */ = {isa = PBXFileReference; fileEncoding = 4; lastKnownFileType = sourcecode.c.objc; path = Student.m; sourceTree = "<group>"; };
		F14A0FCA183954C20050E8F6 /* MappingProvider.h */ = {isa = PBXFileReference; fileEncoding = 4; lastKnownFileType = sourcecode.c.h; path = MappingProvider.h; sourceTree = "<group>"; };
		F14A0FCB183954C20050E8F6 /* MappingProvider.m */ = {isa = PBXFileReference; fileEncoding = 4; lastKnownFileType = sourcecode.c.objc; path = MappingProvider.m; sourceTree = "<group>"; };
		F14A0FEF18395CF40050E8F6 /* al.png */ = {isa = PBXFileReference; lastKnownFileType = image.png; path = al.png; sourceTree = "<group>"; };
		F14A0FF018395CF40050E8F6 /* basar.png */ = {isa = PBXFileReference; lastKnownFileType = image.png; path = basar.png; sourceTree = "<group>"; };
		F14A0FF118395CF40050E8F6 /* das.png */ = {isa = PBXFileReference; lastKnownFileType = image.png; path = das.png; sourceTree = "<group>"; };
		F14A0FF218395CF40050E8F6 /* dulio.png */ = {isa = PBXFileReference; lastKnownFileType = image.png; path = dulio.png; sourceTree = "<group>"; };
		F14A0FF318395CF40050E8F6 /* james.png */ = {isa = PBXFileReference; lastKnownFileType = image.png; path = james.png; sourceTree = "<group>"; };
		F14A0FF418395CF40050E8F6 /* sunayna.png */ = {isa = PBXFileReference; lastKnownFileType = image.png; path = sunayna.png; sourceTree = "<group>"; };
/* End PBXFileReference section */

/* Begin PBXFrameworksBuildPhase section */
		F1094CA11839500C003617DC /* Frameworks */ = {
			isa = PBXFrameworksBuildPhase;
			buildActionMask = 2147483647;
			files = (
				F1094CAA1839500C003617DC /* CoreGraphics.framework in Frameworks */,
				F1094CAC1839500C003617DC /* UIKit.framework in Frameworks */,
				F1094CA81839500C003617DC /* Foundation.framework in Frameworks */,
				96A83302307A404580529696 /* libPods.a in Frameworks */,
			);
			runOnlyForDeploymentPostprocessing = 0;
		};
		F1094CC21839500D003617DC /* Frameworks */ = {
			isa = PBXFrameworksBuildPhase;
			buildActionMask = 2147483647;
			files = (
				F1094CC71839500D003617DC /* XCTest.framework in Frameworks */,
				F1094CC91839500D003617DC /* UIKit.framework in Frameworks */,
				F1094CC81839500D003617DC /* Foundation.framework in Frameworks */,
			);
			runOnlyForDeploymentPostprocessing = 0;
		};
/* End PBXFrameworksBuildPhase section */

/* Begin PBXGroup section */
		F1094C9B1839500C003617DC = {
			isa = PBXGroup;
			children = (
				F1094CAD1839500D003617DC /* FISiOSClass */,
				F1094CCC1839500D003617DC /* FISiOSClassTests */,
				F1094CA61839500C003617DC /* Frameworks */,
				F1094CA51839500C003617DC /* Products */,
				A69DD658673041EFB9CEA38C /* Pods.xcconfig */,
			);
			sourceTree = "<group>";
		};
		F1094CA51839500C003617DC /* Products */ = {
			isa = PBXGroup;
			children = (
				F1094CA41839500C003617DC /* FISiOSClass.app */,
				F1094CC51839500D003617DC /* FISiOSClassTests.xctest */,
			);
			name = Products;
			sourceTree = "<group>";
		};
		F1094CA61839500C003617DC /* Frameworks */ = {
			isa = PBXGroup;
			children = (
				F1094CA71839500C003617DC /* Foundation.framework */,
				F1094CA91839500C003617DC /* CoreGraphics.framework */,
				F1094CAB1839500C003617DC /* UIKit.framework */,
				F1094CC61839500D003617DC /* XCTest.framework */,
				5B2DA568F4764A4186338AA2 /* libPods.a */,
			);
			name = Frameworks;
			sourceTree = "<group>";
		};
		F1094CAD1839500D003617DC /* FISiOSClass */ = {
			isa = PBXGroup;
			children = (
				F14A0FEE18395CF40050E8F6 /* iosstudents */,
				F1094CB61839500D003617DC /* AppDelegate.h */,
				F1094CB71839500D003617DC /* AppDelegate.m */,
				F1094CB91839500D003617DC /* Main.storyboard */,
				F14A0FCA183954C20050E8F6 /* MappingProvider.h */,
				F14A0FCB183954C20050E8F6 /* MappingProvider.m */,
				F14A0FC7183954290050E8F6 /* Student.h */,
				F14A0FC81839542A0050E8F6 /* Student.m */,
				F1094CBC1839500D003617DC /* ViewController.h */,
				F1094CBD1839500D003617DC /* ViewController.m */,
				F1094CBF1839500D003617DC /* Images.xcassets */,
				F1094CAE1839500D003617DC /* Supporting Files */,
			);
			path = FISiOSClass;
			sourceTree = "<group>";
		};
		F1094CAE1839500D003617DC /* Supporting Files */ = {
			isa = PBXGroup;
			children = (
				F1094CAF1839500D003617DC /* FISiOSClass-Info.plist */,
				F1094CB01839500D003617DC /* InfoPlist.strings */,
				F1094CB31839500D003617DC /* main.m */,
				F1094CB51839500D003617DC /* FISiOSClass-Prefix.pch */,
			);
			name = "Supporting Files";
			sourceTree = "<group>";
		};
		F1094CCC1839500D003617DC /* FISiOSClassTests */ = {
			isa = PBXGroup;
			children = (
				F1094CD21839500D003617DC /* FISiOSClassTests.m */,
				F1094CCD1839500D003617DC /* Supporting Files */,
			);
			path = FISiOSClassTests;
			sourceTree = "<group>";
		};
		F1094CCD1839500D003617DC /* Supporting Files */ = {
			isa = PBXGroup;
			children = (
				F1094CCE1839500D003617DC /* FISiOSClassTests-Info.plist */,
				F1094CCF1839500D003617DC /* InfoPlist.strings */,
			);
			name = "Supporting Files";
			sourceTree = "<group>";
		};
		F14A0FEE18395CF40050E8F6 /* iosstudents */ = {
			isa = PBXGroup;
			children = (
				F14A0FEF18395CF40050E8F6 /* al.png */,
				F14A0FF018395CF40050E8F6 /* basar.png */,
				F14A0FF118395CF40050E8F6 /* das.png */,
				F14A0FF218395CF40050E8F6 /* dulio.png */,
				F14A0FF318395CF40050E8F6 /* james.png */,
				F14A0FF418395CF40050E8F6 /* sunayna.png */,
			);
			path = iosstudents;
			sourceTree = "<group>";
		};
/* End PBXGroup section */

/* Begin PBXNativeTarget section */
		F1094CA31839500C003617DC /* FISiOSClass */ = {
			isa = PBXNativeTarget;
			buildConfigurationList = F1094CD61839500D003617DC /* Build configuration list for PBXNativeTarget "FISiOSClass" */;
			buildPhases = (
				E6A5CFF7F15349EBB9FAA5FD /* Check Pods Manifest.lock */,
				F1094CA01839500C003617DC /* Sources */,
				F1094CA11839500C003617DC /* Frameworks */,
				F1094CA21839500C003617DC /* Resources */,
				3282EC0979F3411FA02FC93B /* Copy Pods Resources */,
			);
			buildRules = (
			);
			dependencies = (
			);
			name = FISiOSClass;
			productName = FISiOSClass;
			productReference = F1094CA41839500C003617DC /* FISiOSClass.app */;
			productType = "com.apple.product-type.application";
		};
		F1094CC41839500D003617DC /* FISiOSClassTests */ = {
			isa = PBXNativeTarget;
			buildConfigurationList = F1094CD91839500D003617DC /* Build configuration list for PBXNativeTarget "FISiOSClassTests" */;
			buildPhases = (
				F1094CC11839500D003617DC /* Sources */,
				F1094CC21839500D003617DC /* Frameworks */,
				F1094CC31839500D003617DC /* Resources */,
			);
			buildRules = (
			);
			dependencies = (
				F1094CCB1839500D003617DC /* PBXTargetDependency */,
			);
			name = FISiOSClassTests;
			productName = FISiOSClassTests;
			productReference = F1094CC51839500D003617DC /* FISiOSClassTests.xctest */;
			productType = "com.apple.product-type.bundle.unit-test";
		};
/* End PBXNativeTarget section */

/* Begin PBXProject section */
		F1094C9C1839500C003617DC /* Project object */ = {
			isa = PBXProject;
			attributes = {
				LastUpgradeCheck = 0500;
				ORGANIZATIONNAME = "Basar Akyelli";
				TargetAttributes = {
					F1094CC41839500D003617DC = {
						TestTargetID = F1094CA31839500C003617DC;
					};
				};
			};
			buildConfigurationList = F1094C9F1839500C003617DC /* Build configuration list for PBXProject "FISiOSClass" */;
			compatibilityVersion = "Xcode 3.2";
			developmentRegion = English;
			hasScannedForEncodings = 0;
			knownRegions = (
				en,
				Base,
			);
			mainGroup = F1094C9B1839500C003617DC;
			productRefGroup = F1094CA51839500C003617DC /* Products */;
			projectDirPath = "";
			projectRoot = "";
			targets = (
				F1094CA31839500C003617DC /* FISiOSClass */,
				F1094CC41839500D003617DC /* FISiOSClassTests */,
			);
		};
/* End PBXProject section */

/* Begin PBXResourcesBuildPhase section */
		F1094CA21839500C003617DC /* Resources */ = {
			isa = PBXResourcesBuildPhase;
			buildActionMask = 2147483647;
			files = (
				F14A0FF718395CF40050E8F6 /* das.png in Resources */,
				F1094CC01839500D003617DC /* Images.xcassets in Resources */,
				F14A0FF618395CF40050E8F6 /* basar.png in Resources */,
				F14A0FF818395CF40050E8F6 /* dulio.png in Resources */,
				F14A0FF918395CF40050E8F6 /* james.png in Resources */,
				F1094CB21839500D003617DC /* InfoPlist.strings in Resources */,
				F14A0FF518395CF40050E8F6 /* al.png in Resources */,
				F14A0FFA18395CF40050E8F6 /* sunayna.png in Resources */,
				F1094CBB1839500D003617DC /* Main.storyboard in Resources */,
			);
			runOnlyForDeploymentPostprocessing = 0;
		};
		F1094CC31839500D003617DC /* Resources */ = {
			isa = PBXResourcesBuildPhase;
			buildActionMask = 2147483647;
			files = (
				F1094CD11839500D003617DC /* InfoPlist.strings in Resources */,
			);
			runOnlyForDeploymentPostprocessing = 0;
		};
/* End PBXResourcesBuildPhase section */

/* Begin PBXShellScriptBuildPhase section */
		3282EC0979F3411FA02FC93B /* Copy Pods Resources */ = {
			isa = PBXShellScriptBuildPhase;
			buildActionMask = 2147483647;
			files = (
			);
			inputPaths = (
			);
			name = "Copy Pods Resources";
			outputPaths = (
			);
			runOnlyForDeploymentPostprocessing = 0;
			shellPath = /bin/sh;
			shellScript = "\"${SRCROOT}/Pods/Pods-resources.sh\"\n";
			showEnvVarsInLog = 0;
		};
		E6A5CFF7F15349EBB9FAA5FD /* Check Pods Manifest.lock */ = {
			isa = PBXShellScriptBuildPhase;
			buildActionMask = 2147483647;
			files = (
			);
			inputPaths = (
			);
			name = "Check Pods Manifest.lock";
			outputPaths = (
			);
			runOnlyForDeploymentPostprocessing = 0;
			shellPath = /bin/sh;
			shellScript = "diff \"${PODS_ROOT}/../Podfile.lock\" \"${PODS_ROOT}/Manifest.lock\" > /dev/null\nif [[ $? != 0 ]] ; then\n    cat << EOM\nerror: The sandbox is not in sync with the Podfile.lock. Run 'pod install' or update your CocoaPods installation.\nEOM\n    exit 1\nfi\n";
			showEnvVarsInLog = 0;
		};
/* End PBXShellScriptBuildPhase section */

/* Begin PBXSourcesBuildPhase section */
		F1094CA01839500C003617DC /* Sources */ = {
			isa = PBXSourcesBuildPhase;
			buildActionMask = 2147483647;
			files = (
				F1094CBE1839500D003617DC /* ViewController.m in Sources */,
				F14A0FCC183954C20050E8F6 /* MappingProvider.m in Sources */,
				F1094CB81839500D003617DC /* AppDelegate.m in Sources */,
				F1094CB41839500D003617DC /* main.m in Sources */,
				F14A0FC91839542A0050E8F6 /* Student.m in Sources */,
			);
			runOnlyForDeploymentPostprocessing = 0;
		};
		F1094CC11839500D003617DC /* Sources */ = {
			isa = PBXSourcesBuildPhase;
			buildActionMask = 2147483647;
			files = (
				F1094CD31839500D003617DC /* FISiOSClassTests.m in Sources */,
			);
			runOnlyForDeploymentPostprocessing = 0;
		};
/* End PBXSourcesBuildPhase section */

/* Begin PBXTargetDependency section */
		F1094CCB1839500D003617DC /* PBXTargetDependency */ = {
			isa = PBXTargetDependency;
			target = F1094CA31839500C003617DC /* FISiOSClass */;
			targetProxy = F1094CCA1839500D003617DC /* PBXContainerItemProxy */;
		};
/* End PBXTargetDependency section */

/* Begin PBXVariantGroup section */
		F1094CB01839500D003617DC /* InfoPlist.strings */ = {
			isa = PBXVariantGroup;
			children = (
				F1094CB11839500D003617DC /* en */,
			);
			name = InfoPlist.strings;
			sourceTree = "<group>";
		};
		F1094CB91839500D003617DC /* Main.storyboard */ = {
			isa = PBXVariantGroup;
			children = (
				F1094CBA1839500D003617DC /* Base */,
			);
			name = Main.storyboard;
			sourceTree = "<group>";
		};
		F1094CCF1839500D003617DC /* InfoPlist.strings */ = {
			isa = PBXVariantGroup;
			children = (
				F1094CD01839500D003617DC /* en */,
			);
			name = InfoPlist.strings;
			sourceTree = "<group>";
		};
/* End PBXVariantGroup section */

/* Begin XCBuildConfiguration section */
		F1094CD41839500D003617DC /* Debug */ = {
			isa = XCBuildConfiguration;
			buildSettings = {
				ALWAYS_SEARCH_USER_PATHS = NO;
				ARCHS = "$(ARCHS_STANDARD_INCLUDING_64_BIT)";
				CLANG_CXX_LANGUAGE_STANDARD = "gnu++0x";
				CLANG_CXX_LIBRARY = "libc++";
				CLANG_ENABLE_MODULES = YES;
				CLANG_ENABLE_OBJC_ARC = YES;
				CLANG_WARN_BOOL_CONVERSION = YES;
				CLANG_WARN_CONSTANT_CONVERSION = YES;
				CLANG_WARN_DIRECT_OBJC_ISA_USAGE = YES_ERROR;
				CLANG_WARN_EMPTY_BODY = YES;
				CLANG_WARN_ENUM_CONVERSION = YES;
				CLANG_WARN_INT_CONVERSION = YES;
				CLANG_WARN_OBJC_ROOT_CLASS = YES_ERROR;
				CLANG_WARN__DUPLICATE_METHOD_MATCH = YES;
				"CODE_SIGN_IDENTITY[sdk=iphoneos*]" = "iPhone Developer";
				COPY_PHASE_STRIP = NO;
				GCC_C_LANGUAGE_STANDARD = gnu99;
				GCC_DYNAMIC_NO_PIC = NO;
				GCC_OPTIMIZATION_LEVEL = 0;
				GCC_PREPROCESSOR_DEFINITIONS = (
					"DEBUG=1",
					"$(inherited)",
				);
				GCC_SYMBOLS_PRIVATE_EXTERN = NO;
				GCC_WARN_64_TO_32_BIT_CONVERSION = YES;
				GCC_WARN_ABOUT_RETURN_TYPE = YES_ERROR;
				GCC_WARN_UNDECLARED_SELECTOR = YES;
				GCC_WARN_UNINITIALIZED_AUTOS = YES;
				GCC_WARN_UNUSED_FUNCTION = YES;
				GCC_WARN_UNUSED_VARIABLE = YES;
				IPHONEOS_DEPLOYMENT_TARGET = 7.0;
				ONLY_ACTIVE_ARCH = YES;
				SDKROOT = iphoneos;
			};
			name = Debug;
		};
		F1094CD51839500D003617DC /* Release */ = {
			isa = XCBuildConfiguration;
			buildSettings = {
				ALWAYS_SEARCH_USER_PATHS = NO;
				ARCHS = "$(ARCHS_STANDARD_INCLUDING_64_BIT)";
				CLANG_CXX_LANGUAGE_STANDARD = "gnu++0x";
				CLANG_CXX_LIBRARY = "libc++";
				CLANG_ENABLE_MODULES = YES;
				CLANG_ENABLE_OBJC_ARC = YES;
				CLANG_WARN_BOOL_CONVERSION = YES;
				CLANG_WARN_CONSTANT_CONVERSION = YES;
				CLANG_WARN_DIRECT_OBJC_ISA_USAGE = YES_ERROR;
				CLANG_WARN_EMPTY_BODY = YES;
				CLANG_WARN_ENUM_CONVERSION = YES;
				CLANG_WARN_INT_CONVERSION = YES;
				CLANG_WARN_OBJC_ROOT_CLASS = YES_ERROR;
				CLANG_WARN__DUPLICATE_METHOD_MATCH = YES;
				"CODE_SIGN_IDENTITY[sdk=iphoneos*]" = "iPhone Developer";
				COPY_PHASE_STRIP = YES;
				ENABLE_NS_ASSERTIONS = NO;
				GCC_C_LANGUAGE_STANDARD = gnu99;
				GCC_WARN_64_TO_32_BIT_CONVERSION = YES;
				GCC_WARN_ABOUT_RETURN_TYPE = YES_ERROR;
				GCC_WARN_UNDECLARED_SELECTOR = YES;
				GCC_WARN_UNINITIALIZED_AUTOS = YES;
				GCC_WARN_UNUSED_FUNCTION = YES;
				GCC_WARN_UNUSED_VARIABLE = YES;
				IPHONEOS_DEPLOYMENT_TARGET = 7.0;
				SDKROOT = iphoneos;
				VALIDATE_PRODUCT = YES;
			};
			name = Release;
		};
		F1094CD71839500D003617DC /* Debug */ = {
			isa = XCBuildConfiguration;
			baseConfigurationReference = A69DD658673041EFB9CEA38C /* Pods.xcconfig */;
			buildSettings = {
				ASSETCATALOG_COMPILER_APPICON_NAME = AppIcon;
				ASSETCATALOG_COMPILER_LAUNCHIMAGE_NAME = LaunchImage;
				GCC_PRECOMPILE_PREFIX_HEADER = YES;
				GCC_PREFIX_HEADER = "FISiOSClass/FISiOSClass-Prefix.pch";
				INFOPLIST_FILE = "FISiOSClass/FISiOSClass-Info.plist";
				PRODUCT_NAME = "$(TARGET_NAME)";
				WRAPPER_EXTENSION = app;
			};
			name = Debug;
		};
		F1094CD81839500D003617DC /* Release */ = {
			isa = XCBuildConfiguration;
			baseConfigurationReference = A69DD658673041EFB9CEA38C /* Pods.xcconfig */;
			buildSettings = {
				ASSETCATALOG_COMPILER_APPICON_NAME = AppIcon;
				ASSETCATALOG_COMPILER_LAUNCHIMAGE_NAME = LaunchImage;
				GCC_PRECOMPILE_PREFIX_HEADER = YES;
				GCC_PREFIX_HEADER = "FISiOSClass/FISiOSClass-Prefix.pch";
				INFOPLIST_FILE = "FISiOSClass/FISiOSClass-Info.plist";
				PRODUCT_NAME = "$(TARGET_NAME)";
				WRAPPER_EXTENSION = app;
			};
			name = Release;
		};
		F1094CDA1839500D003617DC /* Debug */ = {
			isa = XCBuildConfiguration;
			buildSettings = {
				ARCHS = "$(ARCHS_STANDARD_INCLUDING_64_BIT)";
				BUNDLE_LOADER = "$(BUILT_PRODUCTS_DIR)/FISiOSClass.app/FISiOSClass";
				FRAMEWORK_SEARCH_PATHS = (
					"$(SDKROOT)/Developer/Library/Frameworks",
					"$(inherited)",
					"$(DEVELOPER_FRAMEWORKS_DIR)",
				);
				GCC_PRECOMPILE_PREFIX_HEADER = YES;
				GCC_PREFIX_HEADER = "FISiOSClass/FISiOSClass-Prefix.pch";
				GCC_PREPROCESSOR_DEFINITIONS = (
					"DEBUG=1",
					"$(inherited)",
				);
				INFOPLIST_FILE = "FISiOSClassTests/FISiOSClassTests-Info.plist";
				PRODUCT_NAME = "$(TARGET_NAME)";
				TEST_HOST = "$(BUNDLE_LOADER)";
				WRAPPER_EXTENSION = xctest;
			};
			name = Debug;
		};
		F1094CDB1839500D003617DC /* Release */ = {
			isa = XCBuildConfiguration;
			buildSettings = {
				ARCHS = "$(ARCHS_STANDARD_INCLUDING_64_BIT)";
				BUNDLE_LOADER = "$(BUILT_PRODUCTS_DIR)/FISiOSClass.app/FISiOSClass";
				FRAMEWORK_SEARCH_PATHS = (
					"$(SDKROOT)/Developer/Library/Frameworks",
					"$(inherited)",
					"$(DEVELOPER_FRAMEWORKS_DIR)",
				);
				GCC_PRECOMPILE_PREFIX_HEADER = YES;
				GCC_PREFIX_HEADER = "FISiOSClass/FISiOSClass-Prefix.pch";
				INFOPLIST_FILE = "FISiOSClassTests/FISiOSClassTests-Info.plist";
				PRODUCT_NAME = "$(TARGET_NAME)";
				TEST_HOST = "$(BUNDLE_LOADER)";
				WRAPPER_EXTENSION = xctest;
			};
			name = Release;
		};
/* End XCBuildConfiguration section */

/* Begin XCConfigurationList section */
		F1094C9F1839500C003617DC /* Build configuration list for PBXProject "FISiOSClass" */ = {
			isa = XCConfigurationList;
			buildConfigurations = (
				F1094CD41839500D003617DC /* Debug */,
				F1094CD51839500D003617DC /* Release */,
			);
			defaultConfigurationIsVisible = 0;
			defaultConfigurationName = Release;
		};
		F1094CD61839500D003617DC /* Build configuration list for PBXNativeTarget "FISiOSClass" */ = {
			isa = XCConfigurationList;
			buildConfigurations = (
				F1094CD71839500D003617DC /* Debug */,
				F1094CD81839500D003617DC /* Release */,
			);
			defaultConfigurationIsVisible = 0;
			defaultConfigurationName = Release;
		};
		F1094CD91839500D003617DC /* Build configuration list for PBXNativeTarget "FISiOSClassTests" */ = {
			isa = XCConfigurationList;
			buildConfigurations = (
				F1094CDA1839500D003617DC /* Debug */,
				F1094CDB1839500D003617DC /* Release */,
			);
			defaultConfigurationIsVisible = 0;
			defaultConfigurationName = Release;
		};
/* End XCConfigurationList section */
	};
	rootObject = F1094C9C1839500C003617DC /* Project object */;
}
